
Microsoft Visual Studio Solution File, Format Version 12.00
# Visual Studio Version 16
VisualStudioVersion = 16.0.32106.194
MinimumVisualStudioVersion = 10.0.40219.1
Project("{FAE04EC0-301F-11D3-BF4B-00C04F79EFBC}") = "LoopsAndRandomNumbers", "LoopsAndRandomNumbers\LoopsAndRandomNumbers.csproj", "{99A41EB8-CEAB-4848-9DE6-5E0104887A5F}"
EndProject
Project("{FAE04EC0-301F-11D3-BF4B-00C04F79EFBC}") = "PinInfiniteLoop", "PinInfiniteLoop\PinInfiniteLoop.csproj", "{3011F6D8-B819-4844-BDB1-D508FFB3CC9B}"
EndProject
Project("{FAE04EC0-301F-11D3-BF4B-00C04F79EFBC}") = "RandomNumber", "RandomNumber\RandomNumber.csproj", "{226939CB-2D6B-4396-BAA9-406614752C3F}"
EndProject
Project("{FAE04EC0-301F-11D3-BF4B-00C04F79EFBC}") = "GuessingGameInfinite", "GuessingGameInfinite\GuessingGameInfinite.csproj", "{77BE0E4A-0FDA-4FCB-AD61-A0C7680BFA59}"
EndProject
Project("{FAE04EC0-301F-11D3-BF4B-00C04F79EFBC}") = "GuessingGameThreeTries", "GuessingGameThreeTries\GuessingGameThreeTries.csproj", "{C5F0C6B5-2CDF-4E0F-9F56-F68B738EAA26}"
EndProject
Global
	GlobalSection(SolutionConfigurationPlatforms) = preSolution
		Debug|Any CPU = Debug|Any CPU
		Release|Any CPU = Release|Any CPU
	EndGlobalSection
	GlobalSection(ProjectConfigurationPlatforms) = postSolution
		{99A41EB8-CEAB-4848-9DE6-5E0104887A5F}.Debug|Any CPU.ActiveCfg = Debug|Any CPU
		{99A41EB8-CEAB-4848-9DE6-5E0104887A5F}.Debug|Any CPU.Build.0 = Debug|Any CPU
		{99A41EB8-CEAB-4848-9DE6-5E0104887A5F}.Release|Any CPU.ActiveCfg = Release|Any CPU
		{99A41EB8-CEAB-4848-9DE6-5E0104887A5F}.Release|Any CPU.Build.0 = Release|Any CPU
		{3011F6D8-B819-4844-BDB1-D508FFB3CC9B}.Debug|Any CPU.ActiveCfg = Debug|Any CPU
		{3011F6D8-B819-4844-BDB1-D508FFB3CC9B}.Debug|Any CPU.Build.0 = Debug|Any CPU
		{3011F6D8-B819-4844-BDB1-D508FFB3CC9B}.Release|Any CPU.ActiveCfg = Release|Any CPU
		{3011F6D8-B819-4844-BDB1-D508FFB3CC9B}.Release|Any CPU.Build.0 = Release|Any CPU
		{226939CB-2D6B-4396-BAA9-406614752C3F}.Debug|Any CPU.ActiveCfg = Debug|Any CPU
		{226939CB-2D6B-4396-BAA9-406614752C3F}.Debug|Any CPU.Build.0 = Debug|Any CPU
		{226939CB-2D6B-4396-BAA9-406614752C3F}.Release|Any CPU.ActiveCfg = Release|Any CPU
		{226939CB-2D6B-4396-BAA9-406614752C3F}.Release|Any CPU.Build.0 = Release|Any CPU
		{77BE0E4A-0FDA-4FCB-AD61-A0C7680BFA59}.Debug|Any CPU.ActiveCfg = Debug|Any CPU
		{77BE0E4A-0FDA-4FCB-AD61-A0C7680BFA59}.Debug|Any CPU.Build.0 = Debug|Any CPU
		{77BE0E4A-0FDA-4FCB-AD61-A0C7680BFA59}.Release|Any CPU.ActiveCfg = Release|Any CPU
		{77BE0E4A-0FDA-4FCB-AD61-A0C7680BFA59}.Release|Any CPU.Build.0 = Release|Any CPU
		{C5F0C6B5-2CDF-4E0F-9F56-F68B738EAA26}.Debug|Any CPU.ActiveCfg = Debug|Any CPU
		{C5F0C6B5-2CDF-4E0F-9F56-F68B738EAA26}.Debug|Any CPU.Build.0 = Debug|Any CPU
		{C5F0C6B5-2CDF-4E0F-9F56-F68B738EAA26}.Release|Any CPU.ActiveCfg = Release|Any CPU
		{C5F0C6B5-2CDF-4E0F-9F56-F68B738EAA26}.Release|Any CPU.Build.0 = Release|Any CPU
	EndGlobalSection
	GlobalSection(SolutionProperties) = preSolution
		HideSolutionNode = FALSE
	EndGlobalSection
	GlobalSection(ExtensibilityGlobals) = postSolution
		SolutionGuid = {9D9795E9-04C4-43A5-BEBB-7D98B6CA12C6}
	EndGlobalSection
EndGlobal
